
Microsoft Visual Studio Solution File, Format Version 12.00
# Visual Studio Version 16
VisualStudioVersion = 16.0.31702.278
MinimumVisualStudioVersion = 10.0.40219.1
Project("{FAE04EC0-301F-11D3-BF4B-00C04F79EFBC}") = "ReginaNews", "ReginaNews\ReginaNews.csproj", "{8403A467-75D9-4445-B77E-F9B7148B774D}"
EndProject
Global
	GlobalSection(SolutionConfigurationPlatforms) = preSolution
		Debug|Any CPU = Debug|Any CPU
		Release|Any CPU = Release|Any CPU
	EndGlobalSection
	GlobalSection(ProjectConfigurationPlatforms) = postSolution
		{8403A467-75D9-4445-B77E-F9B7148B774D}.Debug|Any CPU.ActiveCfg = Debug|Any CPU
		{8403A467-75D9-4445-B77E-F9B7148B774D}.Debug|Any CPU.Build.0 = Debug|Any CPU
		{8403A467-75D9-4445-B77E-F9B7148B774D}.Release|Any CPU.ActiveCfg = Release|Any CPU
		{8403A467-75D9-4445-B77E-F9B7148B774D}.Release|Any CPU.Build.0 = Release|Any CPU
	EndGlobalSection
	GlobalSection(SolutionProperties) = preSolution
		HideSolutionNode = FALSE
	EndGlobalSection
	GlobalSection(ExtensibilityGlobals) = postSolution
		SolutionGuid = {98AA219F-A6BC-4D00-8431-F7F919189F14}
	EndGlobalSection
EndGlobal
